
Microsoft Visual Studio Solution File, Format Version 12.00
# Visual Studio Version 16
VisualStudioVersion = 16.0.31410.357
MinimumVisualStudioVersion = 10.0.40219.1
Project("{FAE04EC0-301F-11D3-BF4B-00C04F79EFBC}") = "YT.COM", "YT.COM\YT.COM.csproj", "{1E6449A1-6BB2-4FCC-ABF3-6A4D6B202F5C}"
EndProject
Project("{FAE04EC0-301F-11D3-BF4B-00C04F79EFBC}") = "YT.WallVerticalRebar", "YT.WallVerticalRebar\YT.WallVerticalRebar.csproj", "{D0FDC5FC-30A7-4C88-A83F-5C6341A3F85E}"
EndProject
Project("{FAE04EC0-301F-11D3-BF4B-00C04F79EFBC}") = "TEST", "TEST\TEST.csproj", "{F06D19FC-7FFE-4DE5-B4E5-C513BE904E86}"
EndProject
Global
	GlobalSection(SolutionConfigurationPlatforms) = preSolution
		Debug|Any CPU = Debug|Any CPU
		Release|Any CPU = Release|Any CPU
	EndGlobalSection
	GlobalSection(ProjectConfigurationPlatforms) = postSolution
		{1E6449A1-6BB2-4FCC-ABF3-6A4D6B202F5C}.Debug|Any CPU.ActiveCfg = Debug|Any CPU
		{1E6449A1-6BB2-4FCC-ABF3-6A4D6B202F5C}.Debug|Any CPU.Build.0 = Debug|Any CPU
		{1E6449A1-6BB2-4FCC-ABF3-6A4D6B202F5C}.Release|Any CPU.ActiveCfg = Release|Any CPU
		{1E6449A1-6BB2-4FCC-ABF3-6A4D6B202F5C}.Release|Any CPU.Build.0 = Release|Any CPU
		{D0FDC5FC-30A7-4C88-A83F-5C6341A3F85E}.Debug|Any CPU.ActiveCfg = Debug|Any CPU
		{D0FDC5FC-30A7-4C88-A83F-5C6341A3F85E}.Debug|Any CPU.Build.0 = Debug|Any CPU
		{D0FDC5FC-30A7-4C88-A83F-5C6341A3F85E}.Release|Any CPU.ActiveCfg = Release|Any CPU
		{D0FDC5FC-30A7-4C88-A83F-5C6341A3F85E}.Release|Any CPU.Build.0 = Release|Any CPU
		{F06D19FC-7FFE-4DE5-B4E5-C513BE904E86}.Debug|Any CPU.ActiveCfg = Debug|Any CPU
		{F06D19FC-7FFE-4DE5-B4E5-C513BE904E86}.Debug|Any CPU.Build.0 = Debug|Any CPU
		{F06D19FC-7FFE-4DE5-B4E5-C513BE904E86}.Release|Any CPU.ActiveCfg = Release|Any CPU
		{F06D19FC-7FFE-4DE5-B4E5-C513BE904E86}.Release|Any CPU.Build.0 = Release|Any CPU
	EndGlobalSection
	GlobalSection(SolutionProperties) = preSolution
		HideSolutionNode = FALSE
	EndGlobalSection
	GlobalSection(ExtensibilityGlobals) = postSolution
		SolutionGuid = {5207D8C8-26B8-4167-8013-C21AA7577C5A}
	EndGlobalSection
EndGlobal
